// !$*UTF8*$!
{
	archiveVersion = 1;
	classes = {
	};
	objectVersion = 46;
	objects = {

/* Begin PBXBuildFile section */
		C305E4C5185F122F00C359DC /* Untitled-1.png in Resources */ = {isa = PBXBuildFile; fileRef = C305E4C4185F122F00C359DC /* Untitled-1.png */; };
		C305E4C9185F193400C359DC /* label.png in Resources */ = {isa = PBXBuildFile; fileRef = C305E4C8185F193400C359DC /* label.png */; };
		C3F93647185ED8AA006C95E9 /* Foundation.framework in Frameworks */ = {isa = PBXBuildFile; fileRef = C3F93646185ED8AA006C95E9 /* Foundation.framework */; };
		C3F93649185ED8AA006C95E9 /* CoreGraphics.framework in Frameworks */ = {isa = PBXBuildFile; fileRef = C3F93648185ED8AA006C95E9 /* CoreGraphics.framework */; };
		C3F9364B185ED8AA006C95E9 /* UIKit.framework in Frameworks */ = {isa = PBXBuildFile; fileRef = C3F9364A185ED8AA006C95E9 /* UIKit.framework */; };
		C3F93651185ED8AA006C95E9 /* InfoPlist.strings in Resources */ = {isa = PBXBuildFile; fileRef = C3F9364F185ED8AA006C95E9 /* InfoPlist.strings */; };
		C3F93653185ED8AA006C95E9 /* main.m in Sources */ = {isa = PBXBuildFile; fileRef = C3F93652185ED8AA006C95E9 /* main.m */; };
		C3F93657185ED8AA006C95E9 /* VIRAppDelegate.m in Sources */ = {isa = PBXBuildFile; fileRef = C3F93656185ED8AA006C95E9 /* VIRAppDelegate.m */; };
		C3F9365D185ED8AA006C95E9 /* VIRViewController.m in Sources */ = {isa = PBXBuildFile; fileRef = C3F9365C185ED8AA006C95E9 /* VIRViewController.m */; };
		C3F9365F185ED8AA006C95E9 /* Images.xcassets in Resources */ = {isa = PBXBuildFile; fileRef = C3F9365E185ED8AA006C95E9 /* Images.xcassets */; };
		C3F93666185ED8AA006C95E9 /* XCTest.framework in Frameworks */ = {isa = PBXBuildFile; fileRef = C3F93665185ED8AA006C95E9 /* XCTest.framework */; };
		C3F93667185ED8AA006C95E9 /* Foundation.framework in Frameworks */ = {isa = PBXBuildFile; fileRef = C3F93646185ED8AA006C95E9 /* Foundation.framework */; };
		C3F93668185ED8AA006C95E9 /* UIKit.framework in Frameworks */ = {isa = PBXBuildFile; fileRef = C3F9364A185ED8AA006C95E9 /* UIKit.framework */; };
		C3F93670185ED8AA006C95E9 /* InfoPlist.strings in Resources */ = {isa = PBXBuildFile; fileRef = C3F9366E185ED8AA006C95E9 /* InfoPlist.strings */; };
		C3F93672185ED8AA006C95E9 /* JustCalculatorTests.m in Sources */ = {isa = PBXBuildFile; fileRef = C3F93671185ED8AA006C95E9 /* JustCalculatorTests.m */; };
		C3F9367D185EF7CB006C95E9 /* Main.storyboard in Resources */ = {isa = PBXBuildFile; fileRef = C3F9367B185EF7CB006C95E9 /* Main.storyboard */; };
		C3F93680185EF82C006C95E9 /* VIRGlow.m in Sources */ = {isa = PBXBuildFile; fileRef = C3F9367F185EF82C006C95E9 /* VIRGlow.m */; };
		C3F93682185EFAD4006C95E9 /* button.png in Resources */ = {isa = PBXBuildFile; fileRef = C3F93681185EFAD4006C95E9 /* button.png */; };
/* End PBXBuildFile section */

/* Begin PBXContainerItemProxy section */
		C3F93669185ED8AA006C95E9 /* PBXContainerItemProxy */ = {
			isa = PBXContainerItemProxy;
			containerPortal = C3F9363B185ED8A9006C95E9 /* Project object */;
			proxyType = 1;
			remoteGlobalIDString = C3F93642185ED8AA006C95E9;
			remoteInfo = JustCalculator;
		};
/* End PBXContainerItemProxy section */

/* Begin PBXFileReference section */
		C305E4C4185F122F00C359DC /* Untitled-1.png */ = {isa = PBXFileReference; lastKnownFileType = image.png; path = "Untitled-1.png"; sourceTree = "<group>"; };
		C305E4C8185F193400C359DC /* label.png */ = {isa = PBXFileReference; lastKnownFileType = image.png; path = label.png; sourceTree = "<group>"; };
		C3F93643185ED8AA006C95E9 /* JustCalculator.app */ = {isa = PBXFileReference; explicitFileType = wrapper.application; includeInIndex = 0; path = JustCalculator.app; sourceTree = BUILT_PRODUCTS_DIR; };
		C3F93646185ED8AA006C95E9 /* Foundation.framework */ = {isa = PBXFileReference; lastKnownFileType = wrapper.framework; name = Foundation.framework; path = System/Library/Frameworks/Foundation.framework; sourceTree = SDKROOT; };
		C3F93648185ED8AA006C95E9 /* CoreGraphics.framework */ = {isa = PBXFileReference; lastKnownFileType = wrapper.framework; name = CoreGraphics.framework; path = System/Library/Frameworks/CoreGraphics.framework; sourceTree = SDKROOT; };
		C3F9364A185ED8AA006C95E9 /* UIKit.framework */ = {isa = PBXFileReference; lastKnownFileType = wrapper.framework; name = UIKit.framework; path = System/Library/Frameworks/UIKit.framework; sourceTree = SDKROOT; };
		C3F9364E185ED8AA006C95E9 /* JustCalculator-Info.plist */ = {isa = PBXFileReference; lastKnownFileType = text.plist.xml; path = "JustCalculator-Info.plist"; sourceTree = "<group>"; };
		C3F93650185ED8AA006C95E9 /* en */ = {isa = PBXFileReference; lastKnownFileType = text.plist.strings; name = en; path = en.lproj/InfoPlist.strings; sourceTree = "<group>"; };
		C3F93652185ED8AA006C95E9 /* main.m */ = {isa = PBXFileReference; lastKnownFileType = sourcecode.c.objc; path = main.m; sourceTree = "<group>"; };
		C3F93654185ED8AA006C95E9 /* JustCalculator-Prefix.pch */ = {isa = PBXFileReference; lastKnownFileType = sourcecode.c.h; path = "JustCalculator-Prefix.pch"; sourceTree = "<group>"; };
		C3F93655185ED8AA006C95E9 /* VIRAppDelegate.h */ = {isa = PBXFileReference; lastKnownFileType = sourcecode.c.h; path = VIRAppDelegate.h; sourceTree = "<group>"; };
		C3F93656185ED8AA006C95E9 /* VIRAppDelegate.m */ = {isa = PBXFileReference; lastKnownFileType = sourcecode.c.objc; path = VIRAppDelegate.m; sourceTree = "<group>"; };
		C3F9365B185ED8AA006C95E9 /* VIRViewController.h */ = {isa = PBXFileReference; lastKnownFileType = sourcecode.c.h; path = VIRViewController.h; sourceTree = "<group>"; };
		C3F9365C185ED8AA006C95E9 /* VIRViewController.m */ = {isa = PBXFileReference; lastKnownFileType = sourcecode.c.objc; path = VIRViewController.m; sourceTree = "<group>"; };
		C3F9365E185ED8AA006C95E9 /* Images.xcassets */ = {isa = PBXFileReference; lastKnownFileType = folder.assetcatalog; path = Images.xcassets; sourceTree = "<group>"; };
		C3F93664185ED8AA006C95E9 /* JustCalculatorTests.xctest */ = {isa = PBXFileReference; explicitFileType = wrapper.cfbundle; includeInIndex = 0; path = JustCalculatorTests.xctest; sourceTree = BUILT_PRODUCTS_DIR; };
		C3F93665185ED8AA006C95E9 /* XCTest.framework */ = {isa = PBXFileReference; lastKnownFileType = wrapper.framework; name = XCTest.framework; path = Library/Frameworks/XCTest.framework; sourceTree = DEVELOPER_DIR; };
		C3F9366D185ED8AA006C95E9 /* JustCalculatorTests-Info.plist */ = {isa = PBXFileReference; lastKnownFileType = text.plist.xml; path = "JustCalculatorTests-Info.plist"; sourceTree = "<group>"; };
		C3F9366F185ED8AA006C95E9 /* en */ = {isa = PBXFileReference; lastKnownFileType = text.plist.strings; name = en; path = en.lproj/InfoPlist.strings; sourceTree = "<group>"; };
		C3F93671185ED8AA006C95E9 /* JustCalculatorTests.m */ = {isa = PBXFileReference; lastKnownFileType = sourcecode.c.objc; path = JustCalculatorTests.m; sourceTree = "<group>"; };
		C3F9367C185EF7CB006C95E9 /* Base */ = {isa = PBXFileReference; lastKnownFileType = file.storyboard; name = Base; path = Base.lproj/Main.storyboard; sourceTree = "<group>"; };
		C3F9367E185EF82C006C95E9 /* VIRGlow.h */ = {isa = PBXFileReference; fileEncoding = 4; lastKnownFileType = sourcecode.c.h; path = VIRGlow.h; sourceTree = "<group>"; };
		C3F9367F185EF82C006C95E9 /* VIRGlow.m */ = {isa = PBXFileReference; fileEncoding = 4; lastKnownFileType = sourcecode.c.objc; path = VIRGlow.m; sourceTree = "<group>"; };
		C3F93681185EFAD4006C95E9 /* button.png */ = {isa = PBXFileReference; lastKnownFileType = image.png; path = button.png; sourceTree = "<group>"; };
/* End PBXFileReference section */

/* Begin PBXFrameworksBuildPhase section */
		C3F93640185ED8AA006C95E9 /* Frameworks */ = {
			isa = PBXFrameworksBuildPhase;
			buildActionMask = 2147483647;
			files = (
				C3F93649185ED8AA006C95E9 /* CoreGraphics.framework in Frameworks */,
				C3F9364B185ED8AA006C95E9 /* UIKit.framework in Frameworks */,
				C3F93647185ED8AA006C95E9 /* Foundation.framework in Frameworks */,
			);
			runOnlyForDeploymentPostprocessing = 0;
		};
		C3F93661185ED8AA006C95E9 /* Frameworks */ = {
			isa = PBXFrameworksBuildPhase;
			buildActionMask = 2147483647;
			files = (
				C3F93666185ED8AA006C95E9 /* XCTest.framework in Frameworks */,
				C3F93668185ED8AA006C95E9 /* UIKit.framework in Frameworks */,
				C3F93667185ED8AA006C95E9 /* Foundation.framework in Frameworks */,
			);
			runOnlyForDeploymentPostprocessing = 0;
		};
/* End PBXFrameworksBuildPhase section */

/* Begin PBXGroup section */
		C3F9363A185ED8A9006C95E9 = {
			isa = PBXGroup;
			children = (
				C3F9364C185ED8AA006C95E9 /* JustCalculator */,
				C3F9366B185ED8AA006C95E9 /* JustCalculatorTests */,
				C3F93645185ED8AA006C95E9 /* Frameworks */,
				C3F93644185ED8AA006C95E9 /* Products */,
			);
			sourceTree = "<group>";
		};
		C3F93644185ED8AA006C95E9 /* Products */ = {
			isa = PBXGroup;
			children = (
				C3F93643185ED8AA006C95E9 /* JustCalculator.app */,
				C3F93664185ED8AA006C95E9 /* JustCalculatorTests.xctest */,
			);
			name = Products;
			sourceTree = "<group>";
		};
		C3F93645185ED8AA006C95E9 /* Frameworks */ = {
			isa = PBXGroup;
			children = (
				C3F93646185ED8AA006C95E9 /* Foundation.framework */,
				C3F93648185ED8AA006C95E9 /* CoreGraphics.framework */,
				C3F9364A185ED8AA006C95E9 /* UIKit.framework */,
				C3F93665185ED8AA006C95E9 /* XCTest.framework */,
			);
			name = Frameworks;
			sourceTree = "<group>";
		};
		C3F9364C185ED8AA006C95E9 /* JustCalculator */ = {
			isa = PBXGroup;
			children = (
				C3F93655185ED8AA006C95E9 /* VIRAppDelegate.h */,
				C3F93656185ED8AA006C95E9 /* VIRAppDelegate.m */,
				C3F9367B185EF7CB006C95E9 /* Main.storyboard */,
				C3F9365B185ED8AA006C95E9 /* VIRViewController.h */,
				C3F9365C185ED8AA006C95E9 /* VIRViewController.m */,
				C3F9367E185EF82C006C95E9 /* VIRGlow.h */,
				C3F9367F185EF82C006C95E9 /* VIRGlow.m */,
				C3F9365E185ED8AA006C95E9 /* Images.xcassets */,
				C3F93681185EFAD4006C95E9 /* button.png */,
				C305E4C8185F193400C359DC /* label.png */,
				C305E4C4185F122F00C359DC /* Untitled-1.png */,
				C3F9364D185ED8AA006C95E9 /* Supporting Files */,
			);
			path = JustCalculator;
			sourceTree = "<group>";
		};
		C3F9364D185ED8AA006C95E9 /* Supporting Files */ = {
			isa = PBXGroup;
			children = (
				C3F9364E185ED8AA006C95E9 /* JustCalculator-Info.plist */,
				C3F9364F185ED8AA006C95E9 /* InfoPlist.strings */,
				C3F93652185ED8AA006C95E9 /* main.m */,
				C3F93654185ED8AA006C95E9 /* JustCalculator-Prefix.pch */,
			);
			name = "Supporting Files";
			sourceTree = "<group>";
		};
		C3F9366B185ED8AA006C95E9 /* JustCalculatorTests */ = {
			isa = PBXGroup;
			children = (
				C3F93671185ED8AA006C95E9 /* JustCalculatorTests.m */,
				C3F9366C185ED8AA006C95E9 /* Supporting Files */,
			);
			path = JustCalculatorTests;
			sourceTree = "<group>";
		};
		C3F9366C185ED8AA006C95E9 /* Supporting Files */ = {
			isa = PBXGroup;
			children = (
				C3F9366D185ED8AA006C95E9 /* JustCalculatorTests-Info.plist */,
				C3F9366E185ED8AA006C95E9 /* InfoPlist.strings */,
			);
			name = "Supporting Files";
			sourceTree = "<group>";
		};
/* End PBXGroup section */

/* Begin PBXNativeTarget section */
		C3F93642185ED8AA006C95E9 /* JustCalculator */ = {
			isa = PBXNativeTarget;
			buildConfigurationList = C3F93675185ED8AA006C95E9 /* Build configuration list for PBXNativeTarget "JustCalculator" */;
			buildPhases = (
				C3F9363F185ED8AA006C95E9 /* Sources */,
				C3F93640185ED8AA006C95E9 /* Frameworks */,
				C3F93641185ED8AA006C95E9 /* Resources */,
			);
			buildRules = (
			);
			dependencies = (
			);
			name = JustCalculator;
			productName = JustCalculator;
			productReference = C3F93643185ED8AA006C95E9 /* JustCalculator.app */;
			productType = "com.apple.product-type.application";
		};
		C3F93663185ED8AA006C95E9 /* JustCalculatorTests */ = {
			isa = PBXNativeTarget;
			buildConfigurationList = C3F93678185ED8AA006C95E9 /* Build configuration list for PBXNativeTarget "JustCalculatorTests" */;
			buildPhases = (
				C3F93660185ED8AA006C95E9 /* Sources */,
				C3F93661185ED8AA006C95E9 /* Frameworks */,
				C3F93662185ED8AA006C95E9 /* Resources */,
			);
			buildRules = (
			);
			dependencies = (
				C3F9366A185ED8AA006C95E9 /* PBXTargetDependency */,
			);
			name = JustCalculatorTests;
			productName = JustCalculatorTests;
			productReference = C3F93664185ED8AA006C95E9 /* JustCalculatorTests.xctest */;
			productType = "com.apple.product-type.bundle.unit-test";
		};
/* End PBXNativeTarget section */

/* Begin PBXProject section */
		C3F9363B185ED8A9006C95E9 /* Project object */ = {
			isa = PBXProject;
			attributes = {
				CLASSPREFIX = VIR;
				LastUpgradeCheck = 0500;
				ORGANIZATIONNAME = Administrator;
				TargetAttributes = {
					C3F93663185ED8AA006C95E9 = {
						TestTargetID = C3F93642185ED8AA006C95E9;
					};
				};
			};
			buildConfigurationList = C3F9363E185ED8A9006C95E9 /* Build configuration list for PBXProject "JustCalculator" */;
			compatibilityVersion = "Xcode 3.2";
			developmentRegion = English;
			hasScannedForEncodings = 0;
			knownRegions = (
				en,
				Base,
			);
			mainGroup = C3F9363A185ED8A9006C95E9;
			productRefGroup = C3F93644185ED8AA006C95E9 /* Products */;
			projectDirPath = "";
			projectRoot = "";
			targets = (
				C3F93642185ED8AA006C95E9 /* JustCalculator */,
				C3F93663185ED8AA006C95E9 /* JustCalculatorTests */,
			);
		};
/* End PBXProject section */

/* Begin PBXResourcesBuildPhase section */
		C3F93641185ED8AA006C95E9 /* Resources */ = {
			isa = PBXResourcesBuildPhase;
			buildActionMask = 2147483647;
			files = (
				C3F9367D185EF7CB006C95E9 /* Main.storyboard in Resources */,
				C305E4C5185F122F00C359DC /* Untitled-1.png in Resources */,
				C305E4C9185F193400C359DC /* label.png in Resources */,
				C3F93682185EFAD4006C95E9 /* button.png in Resources */,
				C3F9365F185ED8AA006C95E9 /* Images.xcassets in Resources */,
				C3F93651185ED8AA006C95E9 /* InfoPlist.strings in Resources */,
			);
			runOnlyForDeploymentPostprocessing = 0;
		};
		C3F93662185ED8AA006C95E9 /* Resources */ = {
			isa = PBXResourcesBuildPhase;
			buildActionMask = 2147483647;
			files = (
				C3F93670185ED8AA006C95E9 /* InfoPlist.strings in Resources */,
			);
			runOnlyForDeploymentPostprocessing = 0;
		};
/* End PBXResourcesBuildPhase section */

/* Begin PBXSourcesBuildPhase section */
		C3F9363F185ED8AA006C95E9 /* Sources */ = {
			isa = PBXSourcesBuildPhase;
			buildActionMask = 2147483647;
			files = (
				C3F93657185ED8AA006C95E9 /* VIRAppDelegate.m in Sources */,
				C3F93653185ED8AA006C95E9 /* main.m in Sources */,
				C3F93680185EF82C006C95E9 /* VIRGlow.m in Sources */,
				C3F9365D185ED8AA006C95E9 /* VIRViewController.m in Sources */,
			);
			runOnlyForDeploymentPostprocessing = 0;
		};
		C3F93660185ED8AA006C95E9 /* Sources */ = {
			isa = PBXSourcesBuildPhase;
			buildActionMask = 2147483647;
			files = (
				C3F93672185ED8AA006C95E9 /* JustCalculatorTests.m in Sources */,
			);
			runOnlyForDeploymentPostprocessing = 0;
		};
/* End PBXSourcesBuildPhase section */

/* Begin PBXTargetDependency section */
		C3F9366A185ED8AA006C95E9 /* PBXTargetDependency */ = {
			isa = PBXTargetDependency;
			target = C3F93642185ED8AA006C95E9 /* JustCalculator */;
			targetProxy = C3F93669185ED8AA006C95E9 /* PBXContainerItemProxy */;
		};
/* End PBXTargetDependency section */

/* Begin PBXVariantGroup section */
		C3F9364F185ED8AA006C95E9 /* InfoPlist.strings */ = {
			isa = PBXVariantGroup;
			children = (
				C3F93650185ED8AA006C95E9 /* en */,
			);
			name = InfoPlist.strings;
			sourceTree = "<group>";
		};
		C3F9366E185ED8AA006C95E9 /* InfoPlist.strings */ = {
			isa = PBXVariantGroup;
			children = (
				C3F9366F185ED8AA006C95E9 /* en */,
			);
			name = InfoPlist.strings;
			sourceTree = "<group>";
		};
		C3F9367B185EF7CB006C95E9 /* Main.storyboard */ = {
			isa = PBXVariantGroup;
			children = (
				C3F9367C185EF7CB006C95E9 /* Base */,
			);
			name = Main.storyboard;
			sourceTree = "<group>";
		};
/* End PBXVariantGroup section */

/* Begin XCBuildConfiguration section */
		C3F93673185ED8AA006C95E9 /* Debug */ = {
			isa = XCBuildConfiguration;
			buildSettings = {
				ALWAYS_SEARCH_USER_PATHS = NO;
				ARCHS = "$(ARCHS_STANDARD_INCLUDING_64_BIT)";
				CLANG_CXX_LANGUAGE_STANDARD = "gnu++0x";
				CLANG_CXX_LIBRARY = "libc++";
				CLANG_ENABLE_MODULES = YES;
				CLANG_ENABLE_OBJC_ARC = YES;
				CLANG_WARN_BOOL_CONVERSION = YES;
				CLANG_WARN_CONSTANT_CONVERSION = YES;
				CLANG_WARN_DIRECT_OBJC_ISA_USAGE = YES_ERROR;
				CLANG_WARN_EMPTY_BODY = YES;
				CLANG_WARN_ENUM_CONVERSION = YES;
				CLANG_WARN_INT_CONVERSION = YES;
				CLANG_WARN_OBJC_ROOT_CLASS = YES_ERROR;
				CLANG_WARN__DUPLICATE_METHOD_MATCH = YES;
				"CODE_SIGN_IDENTITY[sdk=iphoneos*]" = "iPhone Developer";
				COPY_PHASE_STRIP = NO;
				GCC_C_LANGUAGE_STANDARD = gnu99;
				GCC_DYNAMIC_NO_PIC = NO;
				GCC_OPTIMIZATION_LEVEL = 0;
				GCC_PREPROCESSOR_DEFINITIONS = (
					"DEBUG=1",
					"$(inherited)",
				);
				GCC_SYMBOLS_PRIVATE_EXTERN = NO;
				GCC_WARN_64_TO_32_BIT_CONVERSION = YES;
				GCC_WARN_ABOUT_RETURN_TYPE = YES_ERROR;
				GCC_WARN_UNDECLARED_SELECTOR = YES;
				GCC_WARN_UNINITIALIZED_AUTOS = YES;
				GCC_WARN_UNUSED_FUNCTION = YES;
				GCC_WARN_UNUSED_VARIABLE = YES;
				IPHONEOS_DEPLOYMENT_TARGET = 7.0;
				ONLY_ACTIVE_ARCH = YES;
				SDKROOT = iphoneos;
			};
			name = Debug;
		};
		C3F93674185ED8AA006C95E9 /* Release */ = {
			isa = XCBuildConfiguration;
			buildSettings = {
				ALWAYS_SEARCH_USER_PATHS = NO;
				ARCHS = "$(ARCHS_STANDARD_INCLUDING_64_BIT)";
				CLANG_CXX_LANGUAGE_STANDARD = "gnu++0x";
				CLANG_CXX_LIBRARY = "libc++";
				CLANG_ENABLE_MODULES = YES;
				CLANG_ENABLE_OBJC_ARC = YES;
				CLANG_WARN_BOOL_CONVERSION = YES;
				CLANG_WARN_CONSTANT_CONVERSION = YES;
				CLANG_WARN_DIRECT_OBJC_ISA_USAGE = YES_ERROR;
				CLANG_WARN_EMPTY_BODY = YES;
				CLANG_WARN_ENUM_CONVERSION = YES;
				CLANG_WARN_INT_CONVERSION = YES;
				CLANG_WARN_OBJC_ROOT_CLASS = YES_ERROR;
				CLANG_WARN__DUPLICATE_METHOD_MATCH = YES;
				"CODE_SIGN_IDENTITY[sdk=iphoneos*]" = "iPhone Developer";
				COPY_PHASE_STRIP = YES;
				ENABLE_NS_ASSERTIONS = NO;
				GCC_C_LANGUAGE_STANDARD = gnu99;
				GCC_WARN_64_TO_32_BIT_CONVERSION = YES;
				GCC_WARN_ABOUT_RETURN_TYPE = YES_ERROR;
				GCC_WARN_UNDECLARED_SELECTOR = YES;
				GCC_WARN_UNINITIALIZED_AUTOS = YES;
				GCC_WARN_UNUSED_FUNCTION = YES;
				GCC_WARN_UNUSED_VARIABLE = YES;
				IPHONEOS_DEPLOYMENT_TARGET = 7.0;
				SDKROOT = iphoneos;
				VALIDATE_PRODUCT = YES;
			};
			name = Release;
		};
		C3F93676185ED8AA006C95E9 /* Debug */ = {
			isa = XCBuildConfiguration;
			buildSettings = {
				ASSETCATALOG_COMPILER_APPICON_NAME = AppIcon;
				ASSETCATALOG_COMPILER_LAUNCHIMAGE_NAME = LaunchImage;
				GCC_PRECOMPILE_PREFIX_HEADER = YES;
				GCC_PREFIX_HEADER = "JustCalculator/JustCalculator-Prefix.pch";
				INFOPLIST_FILE = "JustCalculator/JustCalculator-Info.plist";
				PRODUCT_NAME = "$(TARGET_NAME)";
				WRAPPER_EXTENSION = app;
			};
			name = Debug;
		};
		C3F93677185ED8AA006C95E9 /* Release */ = {
			isa = XCBuildConfiguration;
			buildSettings = {
				ASSETCATALOG_COMPILER_APPICON_NAME = AppIcon;
				ASSETCATALOG_COMPILER_LAUNCHIMAGE_NAME = LaunchImage;
				GCC_PRECOMPILE_PREFIX_HEADER = YES;
				GCC_PREFIX_HEADER = "JustCalculator/JustCalculator-Prefix.pch";
				INFOPLIST_FILE = "JustCalculator/JustCalculator-Info.plist";
				PRODUCT_NAME = "$(TARGET_NAME)";
				WRAPPER_EXTENSION = app;
			};
			name = Release;
		};
		C3F93679185ED8AA006C95E9 /* Debug */ = {
			isa = XCBuildConfiguration;
			buildSettings = {
				ARCHS = "$(ARCHS_STANDARD_INCLUDING_64_BIT)";
				BUNDLE_LOADER = "$(BUILT_PRODUCTS_DIR)/JustCalculator.app/JustCalculator";
				FRAMEWORK_SEARCH_PATHS = (
					"$(SDKROOT)/Developer/Library/Frameworks",
					"$(inherited)",
					"$(DEVELOPER_FRAMEWORKS_DIR)",
				);
				GCC_PRECOMPILE_PREFIX_HEADER = YES;
				GCC_PREFIX_HEADER = "JustCalculator/JustCalculator-Prefix.pch";
				GCC_PREPROCESSOR_DEFINITIONS = (
					"DEBUG=1",
					"$(inherited)",
				);
				INFOPLIST_FILE = "JustCalculatorTests/JustCalculatorTests-Info.plist";
				PRODUCT_NAME = "$(TARGET_NAME)";
				TEST_HOST = "$(BUNDLE_LOADER)";
				WRAPPER_EXTENSION = xctest;
			};
			name = Debug;
		};
		C3F9367A185ED8AA006C95E9 /* Release */ = {
			isa = XCBuildConfiguration;
			buildSettings = {
				ARCHS = "$(ARCHS_STANDARD_INCLUDING_64_BIT)";
				BUNDLE_LOADER = "$(BUILT_PRODUCTS_DIR)/JustCalculator.app/JustCalculator";
				FRAMEWORK_SEARCH_PATHS = (
					"$(SDKROOT)/Developer/Library/Frameworks",
					"$(inherited)",
					"$(DEVELOPER_FRAMEWORKS_DIR)",
				);
				GCC_PRECOMPILE_PREFIX_HEADER = YES;
				GCC_PREFIX_HEADER = "JustCalculator/JustCalculator-Prefix.pch";
				INFOPLIST_FILE = "JustCalculatorTests/JustCalculatorTests-Info.plist";
				PRODUCT_NAME = "$(TARGET_NAME)";
				TEST_HOST = "$(BUNDLE_LOADER)";
				WRAPPER_EXTENSION = xctest;
			};
			name = Release;
		};
/* End XCBuildConfiguration section */

/* Begin XCConfigurationList section */
		C3F9363E185ED8A9006C95E9 /* Build configuration list for PBXProject "JustCalculator" */ = {
			isa = XCConfigurationList;
			buildConfigurations = (
				C3F93673185ED8AA006C95E9 /* Debug */,
				C3F93674185ED8AA006C95E9 /* Release */,
			);
			defaultConfigurationIsVisible = 0;
			defaultConfigurationName = Release;
		};
		C3F93675185ED8AA006C95E9 /* Build configuration list for PBXNativeTarget "JustCalculator" */ = {
			isa = XCConfigurationList;
			buildConfigurations = (
				C3F93676185ED8AA006C95E9 /* Debug */,
				C3F93677185ED8AA006C95E9 /* Release */,
			);
			defaultConfigurationIsVisible = 0;
			defaultConfigurationName = Release;
		};
		C3F93678185ED8AA006C95E9 /* Build configuration list for PBXNativeTarget "JustCalculatorTests" */ = {
			isa = XCConfigurationList;
			buildConfigurations = (
				C3F93679185ED8AA006C95E9 /* Debug */,
				C3F9367A185ED8AA006C95E9 /* Release */,
			);
			defaultConfigurationIsVisible = 0;
			defaultConfigurationName = Release;
		};
/* End XCConfigurationList section */
	};
	rootObject = C3F9363B185ED8A9006C95E9 /* Project object */;
}
